
Microsoft Visual Studio Solution File, Format Version 11.00
# Visual Studio 2010
Project("{FAE04EC0-301F-11D3-BF4B-00C04F79EFBC}") = "Sorting", "Sorting\Sorting.csproj", "{A2A2E1EC-4A94-4939-9B66-338FC3D956C5}"
EndProject
Global
	GlobalSection(SolutionConfigurationPlatforms) = preSolution
		Debug|x86 = Debug|x86
		Release|x86 = Release|x86
	EndGlobalSection
	GlobalSection(ProjectConfigurationPlatforms) = postSolution
		{A2A2E1EC-4A94-4939-9B66-338FC3D956C5}.Debug|x86.ActiveCfg = Debug|x86
		{A2A2E1EC-4A94-4939-9B66-338FC3D956C5}.Debug|x86.Build.0 = Debug|x86
		{A2A2E1EC-4A94-4939-9B66-338FC3D956C5}.Release|x86.ActiveCfg = Release|x86
		{A2A2E1EC-4A94-4939-9B66-338FC3D956C5}.Release|x86.Build.0 = Release|x86
	EndGlobalSection
	GlobalSection(SolutionProperties) = preSolution
		HideSolutionNode = FALSE
	EndGlobalSection
EndGlobal
